
Microsoft Visual Studio Solution File, Format Version 12.00
# Visual Studio Version 17
VisualStudioVersion = 17.5.33424.131
MinimumVisualStudioVersion = 10.0.40219.1
Project("{9A19103F-16F7-4668-BE54-9A1E7A4F7556}") = "Ardin.MongodbGenericRepository", "Ardin.MongodbGenericRepository\Ardin.MongodbGenericRepository.csproj", "{E8BB20AF-8F68-4EFC-82CA-CA5853CA1B3A}"
EndProject
Project("{9A19103F-16F7-4668-BE54-9A1E7A4F7556}") = "SampleApp", "SampleApp\SampleApp.csproj", "{4317AACF-2FB6-43E8-A20C-1654B52ABF23}"
EndProject
Global
	GlobalSection(SolutionConfigurationPlatforms) = preSolution
		Debug|Any CPU = Debug|Any CPU
		Release|Any CPU = Release|Any CPU
	EndGlobalSection
	GlobalSection(ProjectConfigurationPlatforms) = postSolution
		{E8BB20AF-8F68-4EFC-82CA-CA5853CA1B3A}.Debug|Any CPU.ActiveCfg = Debug|Any CPU
		{E8BB20AF-8F68-4EFC-82CA-CA5853CA1B3A}.Debug|Any CPU.Build.0 = Debug|Any CPU
		{E8BB20AF-8F68-4EFC-82CA-CA5853CA1B3A}.Release|Any CPU.ActiveCfg = Release|Any CPU
		{E8BB20AF-8F68-4EFC-82CA-CA5853CA1B3A}.Release|Any CPU.Build.0 = Release|Any CPU
		{4317AACF-2FB6-43E8-A20C-1654B52ABF23}.Debug|Any CPU.ActiveCfg = Debug|Any CPU
		{4317AACF-2FB6-43E8-A20C-1654B52ABF23}.Debug|Any CPU.Build.0 = Debug|Any CPU
		{4317AACF-2FB6-43E8-A20C-1654B52ABF23}.Release|Any CPU.ActiveCfg = Release|Any CPU
		{4317AACF-2FB6-43E8-A20C-1654B52ABF23}.Release|Any CPU.Build.0 = Release|Any CPU
	EndGlobalSection
	GlobalSection(SolutionProperties) = preSolution
		HideSolutionNode = FALSE
	EndGlobalSection
	GlobalSection(ExtensibilityGlobals) = postSolution
		SolutionGuid = {87C8EDE6-AE01-4BC0-87EA-7162D6CAC479}
	EndGlobalSection
EndGlobal
